
Microsoft Visual Studio Solution File, Format Version 12.00
# Visual Studio 15
VisualStudioVersion = 15.0.27130.2010
MinimumVisualStudioVersion = 10.0.40219.1
Project("{FAE04EC0-301F-11D3-BF4B-00C04F79EFBC}") = "CustomerCare", "CustomerCare\CustomerCare.csproj", "{92A5E55A-8E0E-4CAF-A48E-5D94B2675882}"
EndProject
Project("{FAE04EC0-301F-11D3-BF4B-00C04F79EFBC}") = "Libcore", "Libcore\Libcore.csproj", "{D97EEE8F-E111-4BFE-A61D-1A477733D656}"
EndProject
Global
	GlobalSection(SolutionConfigurationPlatforms) = preSolution
		Debug|Any CPU = Debug|Any CPU
		Release|Any CPU = Release|Any CPU
	EndGlobalSection
	GlobalSection(ProjectConfigurationPlatforms) = postSolution
		{92A5E55A-8E0E-4CAF-A48E-5D94B2675882}.Debug|Any CPU.ActiveCfg = Debug|Any CPU
		{92A5E55A-8E0E-4CAF-A48E-5D94B2675882}.Debug|Any CPU.Build.0 = Debug|Any CPU
		{92A5E55A-8E0E-4CAF-A48E-5D94B2675882}.Release|Any CPU.ActiveCfg = Release|Any CPU
		{92A5E55A-8E0E-4CAF-A48E-5D94B2675882}.Release|Any CPU.Build.0 = Release|Any CPU
		{D97EEE8F-E111-4BFE-A61D-1A477733D656}.Debug|Any CPU.ActiveCfg = Debug|Any CPU
		{D97EEE8F-E111-4BFE-A61D-1A477733D656}.Debug|Any CPU.Build.0 = Debug|Any CPU
		{D97EEE8F-E111-4BFE-A61D-1A477733D656}.Release|Any CPU.ActiveCfg = Release|Any CPU
		{D97EEE8F-E111-4BFE-A61D-1A477733D656}.Release|Any CPU.Build.0 = Release|Any CPU
	EndGlobalSection
	GlobalSection(SolutionProperties) = preSolution
		HideSolutionNode = FALSE
	EndGlobalSection
	GlobalSection(ExtensibilityGlobals) = postSolution
		SolutionGuid = {0E1EDB0A-937E-44FA-9422-B527434EDC13}
	EndGlobalSection
EndGlobal
